// !$*UTF8*$!
{
	archiveVersion = 1;
	classes = {
	};
	objectVersion = 56;
	objects = {

/* Begin PBXBuildFile section */
		08B400B129C8F31F0068EC8C /* EXOMINDApp.swift in Sources */ = {isa = PBXBuildFile; fileRef = 08B400B029C8F31F0068EC8C /* EXOMINDApp.swift */; };
		08B400B329C8F31F0068EC8C /* WelcomeView.swift in Sources */ = {isa = PBXBuildFile; fileRef = 08B400B229C8F31F0068EC8C /* WelcomeView.swift */; };
		08B400B529C8F3200068EC8C /* Assets.xcassets in Resources */ = {isa = PBXBuildFile; fileRef = 08B400B429C8F3200068EC8C /* Assets.xcassets */; };
		08B400B829C8F3200068EC8C /* Preview Assets.xcassets in Resources */ = {isa = PBXBuildFile; fileRef = 08B400B729C8F3200068EC8C /* Preview Assets.xcassets */; };
		08B400C229C8F3200068EC8C /* EXOMINDTests.swift in Sources */ = {isa = PBXBuildFile; fileRef = 08B400C129C8F3200068EC8C /* EXOMINDTests.swift */; };
		08B400CC29C8F3200068EC8C /* EXOMINDUITests.swift in Sources */ = {isa = PBXBuildFile; fileRef = 08B400CB29C8F3200068EC8C /* EXOMINDUITests.swift */; };
		08B400CE29C8F3200068EC8C /* EXOMINDUITestsLaunchTests.swift in Sources */ = {isa = PBXBuildFile; fileRef = 08B400CD29C8F3200068EC8C /* EXOMINDUITestsLaunchTests.swift */; };
		08B400DE29C8FDDB0068EC8C /* CustomButton.swift in Sources */ = {isa = PBXBuildFile; fileRef = 08B400DD29C8FDDB0068EC8C /* CustomButton.swift */; };
		08B400E229C900F40068EC8C /* WeatherReportView.swift in Sources */ = {isa = PBXBuildFile; fileRef = 08B400E129C900F40068EC8C /* WeatherReportView.swift */; };
		08B400E429C90D770068EC8C /* Get_Properties.swift in Sources */ = {isa = PBXBuildFile; fileRef = 08B400E329C90D770068EC8C /* Get_Properties.swift */; };
		29951E6ED98B11C037C38302 /* Pods_EXOMINDTests.framework in Frameworks */ = {isa = PBXBuildFile; fileRef = 6FB8B4856DF0AD5CFD0567A2 /* Pods_EXOMINDTests.framework */; };
		982FB6A823FBB83538D10D9C /* Pods_EXOMIND.framework in Frameworks */ = {isa = PBXBuildFile; fileRef = 65B24DC31FF1850D9E81D240 /* Pods_EXOMIND.framework */; };
		F2171A814016DBE22BF98036 /* Pods_EXOMIND_EXOMINDUITests.framework in Frameworks */ = {isa = PBXBuildFile; fileRef = 55CD09155E6A0DBD1FF02489 /* Pods_EXOMIND_EXOMINDUITests.framework */; };
/* End PBXBuildFile section */

/* Begin PBXContainerItemProxy section */
		08B400BE29C8F3200068EC8C /* PBXContainerItemProxy */ = {
			isa = PBXContainerItemProxy;
			containerPortal = 08B400A529C8F31F0068EC8C /* Project object */;
			proxyType = 1;
			remoteGlobalIDString = 08B400AC29C8F31F0068EC8C;
			remoteInfo = EXOMIND;
		};
		08B400C829C8F3200068EC8C /* PBXContainerItemProxy */ = {
			isa = PBXContainerItemProxy;
			containerPortal = 08B400A529C8F31F0068EC8C /* Project object */;
			proxyType = 1;
			remoteGlobalIDString = 08B400AC29C8F31F0068EC8C;
			remoteInfo = EXOMIND;
		};
/* End PBXContainerItemProxy section */

/* Begin PBXFileReference section */
		08B400AD29C8F31F0068EC8C /* EXOMIND.app */ = {isa = PBXFileReference; explicitFileType = wrapper.application; includeInIndex = 0; path = EXOMIND.app; sourceTree = BUILT_PRODUCTS_DIR; };
		08B400B029C8F31F0068EC8C /* EXOMINDApp.swift */ = {isa = PBXFileReference; lastKnownFileType = sourcecode.swift; path = EXOMINDApp.swift; sourceTree = "<group>"; };
		08B400B229C8F31F0068EC8C /* WelcomeView.swift */ = {isa = PBXFileReference; lastKnownFileType = sourcecode.swift; path = WelcomeView.swift; sourceTree = "<group>"; };
		08B400B429C8F3200068EC8C /* Assets.xcassets */ = {isa = PBXFileReference; lastKnownFileType = folder.assetcatalog; path = Assets.xcassets; sourceTree = "<group>"; };
		08B400B729C8F3200068EC8C /* Preview Assets.xcassets */ = {isa = PBXFileReference; lastKnownFileType = folder.assetcatalog; path = "Preview Assets.xcassets"; sourceTree = "<group>"; };
		08B400BD29C8F3200068EC8C /* EXOMINDTests.xctest */ = {isa = PBXFileReference; explicitFileType = wrapper.cfbundle; includeInIndex = 0; path = EXOMINDTests.xctest; sourceTree = BUILT_PRODUCTS_DIR; };
		08B400C129C8F3200068EC8C /* EXOMINDTests.swift */ = {isa = PBXFileReference; lastKnownFileType = sourcecode.swift; path = EXOMINDTests.swift; sourceTree = "<group>"; };
		08B400C729C8F3200068EC8C /* EXOMINDUITests.xctest */ = {isa = PBXFileReference; explicitFileType = wrapper.cfbundle; includeInIndex = 0; path = EXOMINDUITests.xctest; sourceTree = BUILT_PRODUCTS_DIR; };
		08B400CB29C8F3200068EC8C /* EXOMINDUITests.swift */ = {isa = PBXFileReference; lastKnownFileType = sourcecode.swift; path = EXOMINDUITests.swift; sourceTree = "<group>"; };
		08B400CD29C8F3200068EC8C /* EXOMINDUITestsLaunchTests.swift */ = {isa = PBXFileReference; lastKnownFileType = sourcecode.swift; path = EXOMINDUITestsLaunchTests.swift; sourceTree = "<group>"; };
		08B400DD29C8FDDB0068EC8C /* CustomButton.swift */ = {isa = PBXFileReference; lastKnownFileType = sourcecode.swift; path = CustomButton.swift; sourceTree = "<group>"; };
		08B400E129C900F40068EC8C /* WeatherReportView.swift */ = {isa = PBXFileReference; lastKnownFileType = sourcecode.swift; path = WeatherReportView.swift; sourceTree = "<group>"; };
		08B400E329C90D770068EC8C /* Get_Properties.swift */ = {isa = PBXFileReference; lastKnownFileType = sourcecode.swift; path = Get_Properties.swift; sourceTree = "<group>"; };
		31400D2E9F79FC2C46A979C0 /* Pods-EXOMIND.release.xcconfig */ = {isa = PBXFileReference; includeInIndex = 1; lastKnownFileType = text.xcconfig; name = "Pods-EXOMIND.release.xcconfig"; path = "Target Support Files/Pods-EXOMIND/Pods-EXOMIND.release.xcconfig"; sourceTree = "<group>"; };
		55CD09155E6A0DBD1FF02489 /* Pods_EXOMIND_EXOMINDUITests.framework */ = {isa = PBXFileReference; explicitFileType = wrapper.framework; includeInIndex = 0; path = Pods_EXOMIND_EXOMINDUITests.framework; sourceTree = BUILT_PRODUCTS_DIR; };
		5BB1A4F804BF39D48912F62D /* Pods-EXOMINDTests.debug.xcconfig */ = {isa = PBXFileReference; includeInIndex = 1; lastKnownFileType = text.xcconfig; name = "Pods-EXOMINDTests.debug.xcconfig"; path = "Target Support Files/Pods-EXOMINDTests/Pods-EXOMINDTests.debug.xcconfig"; sourceTree = "<group>"; };
		602C845536F935C0529060E0 /* Pods-EXOMINDTests.release.xcconfig */ = {isa = PBXFileReference; includeInIndex = 1; lastKnownFileType = text.xcconfig; name = "Pods-EXOMINDTests.release.xcconfig"; path = "Target Support Files/Pods-EXOMINDTests/Pods-EXOMINDTests.release.xcconfig"; sourceTree = "<group>"; };
		65B24DC31FF1850D9E81D240 /* Pods_EXOMIND.framework */ = {isa = PBXFileReference; explicitFileType = wrapper.framework; includeInIndex = 0; path = Pods_EXOMIND.framework; sourceTree = BUILT_PRODUCTS_DIR; };
		6FB8B4856DF0AD5CFD0567A2 /* Pods_EXOMINDTests.framework */ = {isa = PBXFileReference; explicitFileType = wrapper.framework; includeInIndex = 0; path = Pods_EXOMINDTests.framework; sourceTree = BUILT_PRODUCTS_DIR; };
		AF9CC51384504F5C0250B348 /* Pods-EXOMIND.debug.xcconfig */ = {isa = PBXFileReference; includeInIndex = 1; lastKnownFileType = text.xcconfig; name = "Pods-EXOMIND.debug.xcconfig"; path = "Target Support Files/Pods-EXOMIND/Pods-EXOMIND.debug.xcconfig"; sourceTree = "<group>"; };
		D4BFF6E1DF593946BB99AEAA /* Pods-EXOMIND-EXOMINDUITests.release.xcconfig */ = {isa = PBXFileReference; includeInIndex = 1; lastKnownFileType = text.xcconfig; name = "Pods-EXOMIND-EXOMINDUITests.release.xcconfig"; path = "Target Support Files/Pods-EXOMIND-EXOMINDUITests/Pods-EXOMIND-EXOMINDUITests.release.xcconfig"; sourceTree = "<group>"; };
		D57FE6150F16BB313E7E4F0B /* Pods-EXOMIND-EXOMINDUITests.debug.xcconfig */ = {isa = PBXFileReference; includeInIndex = 1; lastKnownFileType = text.xcconfig; name = "Pods-EXOMIND-EXOMINDUITests.debug.xcconfig"; path = "Target Support Files/Pods-EXOMIND-EXOMINDUITests/Pods-EXOMIND-EXOMINDUITests.debug.xcconfig"; sourceTree = "<group>"; };
/* End PBXFileReference section */

/* Begin PBXFrameworksBuildPhase section */
		08B400AA29C8F31F0068EC8C /* Frameworks */ = {
			isa = PBXFrameworksBuildPhase;
			buildActionMask = 2147483647;
			files = (
				982FB6A823FBB83538D10D9C /* Pods_EXOMIND.framework in Frameworks */,
			);
			runOnlyForDeploymentPostprocessing = 0;
		};
		08B400BA29C8F3200068EC8C /* Frameworks */ = {
			isa = PBXFrameworksBuildPhase;
			buildActionMask = 2147483647;
			files = (
				29951E6ED98B11C037C38302 /* Pods_EXOMINDTests.framework in Frameworks */,
			);
			runOnlyForDeploymentPostprocessing = 0;
		};
		08B400C429C8F3200068EC8C /* Frameworks */ = {
			isa = PBXFrameworksBuildPhase;
			buildActionMask = 2147483647;
			files = (
				F2171A814016DBE22BF98036 /* Pods_EXOMIND_EXOMINDUITests.framework in Frameworks */,
			);
			runOnlyForDeploymentPostprocessing = 0;
		};
/* End PBXFrameworksBuildPhase section */

/* Begin PBXGroup section */
		08B400A429C8F31F0068EC8C = {
			isa = PBXGroup;
			children = (
				08B400AF29C8F31F0068EC8C /* EXOMIND */,
				08B400C029C8F3200068EC8C /* EXOMINDTests */,
				08B400CA29C8F3200068EC8C /* EXOMINDUITests */,
				08B400AE29C8F31F0068EC8C /* Products */,
				30CE54B803DDF5B077FDD017 /* Pods */,
				FE1B729DAAF080E1AB12C6B6 /* Frameworks */,
			);
			sourceTree = "<group>";
		};
		08B400AE29C8F31F0068EC8C /* Products */ = {
			isa = PBXGroup;
			children = (
				08B400AD29C8F31F0068EC8C /* EXOMIND.app */,
				08B400BD29C8F3200068EC8C /* EXOMINDTests.xctest */,
				08B400C729C8F3200068EC8C /* EXOMINDUITests.xctest */,
			);
			name = Products;
			sourceTree = "<group>";
		};
		08B400AF29C8F31F0068EC8C /* EXOMIND */ = {
			isa = PBXGroup;
			children = (
				08B400DC29C8FD540068EC8C /* HTTPREQUEST */,
				08B400DB29C8FD2F0068EC8C /* COMPONENTS */,
				08B400DA29C8FCB90068EC8C /* VIEWS */,
				08B400B029C8F31F0068EC8C /* EXOMINDApp.swift */,
				08B400B429C8F3200068EC8C /* Assets.xcassets */,
				08B400B629C8F3200068EC8C /* Preview Content */,
			);
			path = EXOMIND;
			sourceTree = "<group>";
		};
		08B400B629C8F3200068EC8C /* Preview Content */ = {
			isa = PBXGroup;
			children = (
				08B400B729C8F3200068EC8C /* Preview Assets.xcassets */,
			);
			path = "Preview Content";
			sourceTree = "<group>";
		};
		08B400C029C8F3200068EC8C /* EXOMINDTests */ = {
			isa = PBXGroup;
			children = (
				08B400C129C8F3200068EC8C /* EXOMINDTests.swift */,
			);
			path = EXOMINDTests;
			sourceTree = "<group>";
		};
		08B400CA29C8F3200068EC8C /* EXOMINDUITests */ = {
			isa = PBXGroup;
			children = (
				08B400CB29C8F3200068EC8C /* EXOMINDUITests.swift */,
				08B400CD29C8F3200068EC8C /* EXOMINDUITestsLaunchTests.swift */,
			);
			path = EXOMINDUITests;
			sourceTree = "<group>";
		};
		08B400DA29C8FCB90068EC8C /* VIEWS */ = {
			isa = PBXGroup;
			children = (
				08B400B229C8F31F0068EC8C /* WelcomeView.swift */,
				08B400E129C900F40068EC8C /* WeatherReportView.swift */,
			);
			path = VIEWS;
			sourceTree = "<group>";
		};
		08B400DB29C8FD2F0068EC8C /* COMPONENTS */ = {
			isa = PBXGroup;
			children = (
				08B400DD29C8FDDB0068EC8C /* CustomButton.swift */,
			);
			path = COMPONENTS;
			sourceTree = "<group>";
		};
		08B400DC29C8FD540068EC8C /* HTTPREQUEST */ = {
			isa = PBXGroup;
			children = (
				08B400E329C90D770068EC8C /* Get_Properties.swift */,
			);
			path = HTTPREQUEST;
			sourceTree = "<group>";
		};
		30CE54B803DDF5B077FDD017 /* Pods */ = {
			isa = PBXGroup;
			children = (
				AF9CC51384504F5C0250B348 /* Pods-EXOMIND.debug.xcconfig */,
				31400D2E9F79FC2C46A979C0 /* Pods-EXOMIND.release.xcconfig */,
				D57FE6150F16BB313E7E4F0B /* Pods-EXOMIND-EXOMINDUITests.debug.xcconfig */,
				D4BFF6E1DF593946BB99AEAA /* Pods-EXOMIND-EXOMINDUITests.release.xcconfig */,
				5BB1A4F804BF39D48912F62D /* Pods-EXOMINDTests.debug.xcconfig */,
				602C845536F935C0529060E0 /* Pods-EXOMINDTests.release.xcconfig */,
			);
			path = Pods;
			sourceTree = "<group>";
		};
		FE1B729DAAF080E1AB12C6B6 /* Frameworks */ = {
			isa = PBXGroup;
			children = (
				65B24DC31FF1850D9E81D240 /* Pods_EXOMIND.framework */,
				55CD09155E6A0DBD1FF02489 /* Pods_EXOMIND_EXOMINDUITests.framework */,
				6FB8B4856DF0AD5CFD0567A2 /* Pods_EXOMINDTests.framework */,
			);
			name = Frameworks;
			sourceTree = "<group>";
		};
/* End PBXGroup section */

/* Begin PBXNativeTarget section */
		08B400AC29C8F31F0068EC8C /* EXOMIND */ = {
			isa = PBXNativeTarget;
			buildConfigurationList = 08B400D129C8F3200068EC8C /* Build configuration list for PBXNativeTarget "EXOMIND" */;
			buildPhases = (
				2BBE9186D477597970B9C1D1 /* [CP] Check Pods Manifest.lock */,
				08B400A929C8F31F0068EC8C /* Sources */,
				08B400AA29C8F31F0068EC8C /* Frameworks */,
				08B400AB29C8F31F0068EC8C /* Resources */,
				B901C815FD9D1C6D2A96F72E /* [CP] Embed Pods Frameworks */,
			);
			buildRules = (
			);
			dependencies = (
			);
			name = EXOMIND;
			productName = EXOMIND;
			productReference = 08B400AD29C8F31F0068EC8C /* EXOMIND.app */;
			productType = "com.apple.product-type.application";
		};
		08B400BC29C8F3200068EC8C /* EXOMINDTests */ = {
			isa = PBXNativeTarget;
			buildConfigurationList = 08B400D429C8F3200068EC8C /* Build configuration list for PBXNativeTarget "EXOMINDTests" */;
			buildPhases = (
				6073A678A0916ABB47C7A24C /* [CP] Check Pods Manifest.lock */,
				08B400B929C8F3200068EC8C /* Sources */,
				08B400BA29C8F3200068EC8C /* Frameworks */,
				08B400BB29C8F3200068EC8C /* Resources */,
			);
			buildRules = (
			);
			dependencies = (
				08B400BF29C8F3200068EC8C /* PBXTargetDependency */,
			);
			name = EXOMINDTests;
			productName = EXOMINDTests;
			productReference = 08B400BD29C8F3200068EC8C /* EXOMINDTests.xctest */;
			productType = "com.apple.product-type.bundle.unit-test";
		};
		08B400C629C8F3200068EC8C /* EXOMINDUITests */ = {
			isa = PBXNativeTarget;
			buildConfigurationList = 08B400D729C8F3200068EC8C /* Build configuration list for PBXNativeTarget "EXOMINDUITests" */;
			buildPhases = (
				86763B6F561DCA78963F0E22 /* [CP] Check Pods Manifest.lock */,
				08B400C329C8F3200068EC8C /* Sources */,
				08B400C429C8F3200068EC8C /* Frameworks */,
				08B400C529C8F3200068EC8C /* Resources */,
				78F6A92F3FB97A04FB75CD62 /* [CP] Embed Pods Frameworks */,
			);
			buildRules = (
			);
			dependencies = (
				08B400C929C8F3200068EC8C /* PBXTargetDependency */,
			);
			name = EXOMINDUITests;
			productName = EXOMINDUITests;
			productReference = 08B400C729C8F3200068EC8C /* EXOMINDUITests.xctest */;
			productType = "com.apple.product-type.bundle.ui-testing";
		};
/* End PBXNativeTarget section */

/* Begin PBXProject section */
		08B400A529C8F31F0068EC8C /* Project object */ = {
			isa = PBXProject;
			attributes = {
				BuildIndependentTargetsInParallel = 1;
				LastSwiftUpdateCheck = 1420;
				LastUpgradeCheck = 1420;
				TargetAttributes = {
					08B400AC29C8F31F0068EC8C = {
						CreatedOnToolsVersion = 14.2;
					};
					08B400BC29C8F3200068EC8C = {
						CreatedOnToolsVersion = 14.2;
						TestTargetID = 08B400AC29C8F31F0068EC8C;
					};
					08B400C629C8F3200068EC8C = {
						CreatedOnToolsVersion = 14.2;
						TestTargetID = 08B400AC29C8F31F0068EC8C;
					};
				};
			};
			buildConfigurationList = 08B400A829C8F31F0068EC8C /* Build configuration list for PBXProject "EXOMIND" */;
			compatibilityVersion = "Xcode 14.0";
			developmentRegion = en;
			hasScannedForEncodings = 0;
			knownRegions = (
				en,
				Base,
			);
			mainGroup = 08B400A429C8F31F0068EC8C;
			productRefGroup = 08B400AE29C8F31F0068EC8C /* Products */;
			projectDirPath = "";
			projectRoot = "";
			targets = (
				08B400AC29C8F31F0068EC8C /* EXOMIND */,
				08B400BC29C8F3200068EC8C /* EXOMINDTests */,
				08B400C629C8F3200068EC8C /* EXOMINDUITests */,
			);
		};
/* End PBXProject section */

/* Begin PBXResourcesBuildPhase section */
		08B400AB29C8F31F0068EC8C /* Resources */ = {
			isa = PBXResourcesBuildPhase;
			buildActionMask = 2147483647;
			files = (
				08B400B829C8F3200068EC8C /* Preview Assets.xcassets in Resources */,
				08B400B529C8F3200068EC8C /* Assets.xcassets in Resources */,
			);
			runOnlyForDeploymentPostprocessing = 0;
		};
		08B400BB29C8F3200068EC8C /* Resources */ = {
			isa = PBXResourcesBuildPhase;
			buildActionMask = 2147483647;
			files = (
			);
			runOnlyForDeploymentPostprocessing = 0;
		};
		08B400C529C8F3200068EC8C /* Resources */ = {
			isa = PBXResourcesBuildPhase;
			buildActionMask = 2147483647;
			files = (
			);
			runOnlyForDeploymentPostprocessing = 0;
		};
/* End PBXResourcesBuildPhase section */

/* Begin PBXShellScriptBuildPhase section */
		2BBE9186D477597970B9C1D1 /* [CP] Check Pods Manifest.lock */ = {
			isa = PBXShellScriptBuildPhase;
			buildActionMask = 2147483647;
			files = (
			);
			inputFileListPaths = (
			);
			inputPaths = (
				"${PODS_PODFILE_DIR_PATH}/Podfile.lock",
				"${PODS_ROOT}/Manifest.lock",
			);
			name = "[CP] Check Pods Manifest.lock";
			outputFileListPaths = (
			);
			outputPaths = (
				"$(DERIVED_FILE_DIR)/Pods-EXOMIND-checkManifestLockResult.txt",
			);
			runOnlyForDeploymentPostprocessing = 0;
			shellPath = /bin/sh;
			shellScript = "diff \"${PODS_PODFILE_DIR_PATH}/Podfile.lock\" \"${PODS_ROOT}/Manifest.lock\" > /dev/null\nif [ $? != 0 ] ; then\n    # print error to STDERR\n    echo \"error: The sandbox is not in sync with the Podfile.lock. Run 'pod install' or update your CocoaPods installation.\" >&2\n    exit 1\nfi\n# This output is used by Xcode 'outputs' to avoid re-running this script phase.\necho \"SUCCESS\" > \"${SCRIPT_OUTPUT_FILE_0}\"\n";
			showEnvVarsInLog = 0;
		};
		6073A678A0916ABB47C7A24C /* [CP] Check Pods Manifest.lock */ = {
			isa = PBXShellScriptBuildPhase;
			buildActionMask = 2147483647;
			files = (
			);
			inputFileListPaths = (
			);
			inputPaths = (
				"${PODS_PODFILE_DIR_PATH}/Podfile.lock",
				"${PODS_ROOT}/Manifest.lock",
			);
			name = "[CP] Check Pods Manifest.lock";
			outputFileListPaths = (
			);
			outputPaths = (
				"$(DERIVED_FILE_DIR)/Pods-EXOMINDTests-checkManifestLockResult.txt",
			);
			runOnlyForDeploymentPostprocessing = 0;
			shellPath = /bin/sh;
			shellScript = "diff \"${PODS_PODFILE_DIR_PATH}/Podfile.lock\" \"${PODS_ROOT}/Manifest.lock\" > /dev/null\nif [ $? != 0 ] ; then\n    # print error to STDERR\n    echo \"error: The sandbox is not in sync with the Podfile.lock. Run 'pod install' or update your CocoaPods installation.\" >&2\n    exit 1\nfi\n# This output is used by Xcode 'outputs' to avoid re-running this script phase.\necho \"SUCCESS\" > \"${SCRIPT_OUTPUT_FILE_0}\"\n";
			showEnvVarsInLog = 0;
		};
		78F6A92F3FB97A04FB75CD62 /* [CP] Embed Pods Frameworks */ = {
			isa = PBXShellScriptBuildPhase;
			buildActionMask = 2147483647;
			files = (
			);
			inputFileListPaths = (
				"${PODS_ROOT}/Target Support Files/Pods-EXOMIND-EXOMINDUITests/Pods-EXOMIND-EXOMINDUITests-frameworks-${CONFIGURATION}-input-files.xcfilelist",
			);
			name = "[CP] Embed Pods Frameworks";
			outputFileListPaths = (
				"${PODS_ROOT}/Target Support Files/Pods-EXOMIND-EXOMINDUITests/Pods-EXOMIND-EXOMINDUITests-frameworks-${CONFIGURATION}-output-files.xcfilelist",
			);
			runOnlyForDeploymentPostprocessing = 0;
			shellPath = /bin/sh;
			shellScript = "\"${PODS_ROOT}/Target Support Files/Pods-EXOMIND-EXOMINDUITests/Pods-EXOMIND-EXOMINDUITests-frameworks.sh\"\n";
			showEnvVarsInLog = 0;
		};
		86763B6F561DCA78963F0E22 /* [CP] Check Pods Manifest.lock */ = {
			isa = PBXShellScriptBuildPhase;
			buildActionMask = 2147483647;
			files = (
			);
			inputFileListPaths = (
			);
			inputPaths = (
				"${PODS_PODFILE_DIR_PATH}/Podfile.lock",
				"${PODS_ROOT}/Manifest.lock",
			);
			name = "[CP] Check Pods Manifest.lock";
			outputFileListPaths = (
			);
			outputPaths = (
				"$(DERIVED_FILE_DIR)/Pods-EXOMIND-EXOMINDUITests-checkManifestLockResult.txt",
			);
			runOnlyForDeploymentPostprocessing = 0;
			shellPath = /bin/sh;
			shellScript = "diff \"${PODS_PODFILE_DIR_PATH}/Podfile.lock\" \"${PODS_ROOT}/Manifest.lock\" > /dev/null\nif [ $? != 0 ] ; then\n    # print error to STDERR\n    echo \"error: The sandbox is not in sync with the Podfile.lock. Run 'pod install' or update your CocoaPods installation.\" >&2\n    exit 1\nfi\n# This output is used by Xcode 'outputs' to avoid re-running this script phase.\necho \"SUCCESS\" > \"${SCRIPT_OUTPUT_FILE_0}\"\n";
			showEnvVarsInLog = 0;
		};
		B901C815FD9D1C6D2A96F72E /* [CP] Embed Pods Frameworks */ = {
			isa = PBXShellScriptBuildPhase;
			buildActionMask = 2147483647;
			files = (
			);
			inputFileListPaths = (
				"${PODS_ROOT}/Target Support Files/Pods-EXOMIND/Pods-EXOMIND-frameworks-${CONFIGURATION}-input-files.xcfilelist",
			);
			name = "[CP] Embed Pods Frameworks";
			outputFileListPaths = (
				"${PODS_ROOT}/Target Support Files/Pods-EXOMIND/Pods-EXOMIND-frameworks-${CONFIGURATION}-output-files.xcfilelist",
			);
			runOnlyForDeploymentPostprocessing = 0;
			shellPath = /bin/sh;
			shellScript = "\"${PODS_ROOT}/Target Support Files/Pods-EXOMIND/Pods-EXOMIND-frameworks.sh\"\n";
			showEnvVarsInLog = 0;
		};
/* End PBXShellScriptBuildPhase section */

/* Begin PBXSourcesBuildPhase section */
		08B400A929C8F31F0068EC8C /* Sources */ = {
			isa = PBXSourcesBuildPhase;
			buildActionMask = 2147483647;
			files = (
				08B400B329C8F31F0068EC8C /* WelcomeView.swift in Sources */,
				08B400E229C900F40068EC8C /* WeatherReportView.swift in Sources */,
				08B400B129C8F31F0068EC8C /* EXOMINDApp.swift in Sources */,
				08B400DE29C8FDDB0068EC8C /* CustomButton.swift in Sources */,
				08B400E429C90D770068EC8C /* Get_Properties.swift in Sources */,
			);
			runOnlyForDeploymentPostprocessing = 0;
		};
		08B400B929C8F3200068EC8C /* Sources */ = {
			isa = PBXSourcesBuildPhase;
			buildActionMask = 2147483647;
			files = (
				08B400C229C8F3200068EC8C /* EXOMINDTests.swift in Sources */,
			);
			runOnlyForDeploymentPostprocessing = 0;
		};
		08B400C329C8F3200068EC8C /* Sources */ = {
			isa = PBXSourcesBuildPhase;
			buildActionMask = 2147483647;
			files = (
				08B400CC29C8F3200068EC8C /* EXOMINDUITests.swift in Sources */,
				08B400CE29C8F3200068EC8C /* EXOMINDUITestsLaunchTests.swift in Sources */,
			);
			runOnlyForDeploymentPostprocessing = 0;
		};
/* End PBXSourcesBuildPhase section */

/* Begin PBXTargetDependency section */
		08B400BF29C8F3200068EC8C /* PBXTargetDependency */ = {
			isa = PBXTargetDependency;
			target = 08B400AC29C8F31F0068EC8C /* EXOMIND */;
			targetProxy = 08B400BE29C8F3200068EC8C /* PBXContainerItemProxy */;
		};
		08B400C929C8F3200068EC8C /* PBXTargetDependency */ = {
			isa = PBXTargetDependency;
			target = 08B400AC29C8F31F0068EC8C /* EXOMIND */;
			targetProxy = 08B400C829C8F3200068EC8C /* PBXContainerItemProxy */;
		};
/* End PBXTargetDependency section */

/* Begin XCBuildConfiguration section */
		08B400CF29C8F3200068EC8C /* Debug */ = {
			isa = XCBuildConfiguration;
			buildSettings = {
				ALWAYS_SEARCH_USER_PATHS = NO;
				CLANG_ANALYZER_NONNULL = YES;
				CLANG_ANALYZER_NUMBER_OBJECT_CONVERSION = YES_AGGRESSIVE;
				CLANG_CXX_LANGUAGE_STANDARD = "gnu++20";
				CLANG_ENABLE_MODULES = YES;
				CLANG_ENABLE_OBJC_ARC = YES;
				CLANG_ENABLE_OBJC_WEAK = YES;
				CLANG_WARN_BLOCK_CAPTURE_AUTORELEASING = YES;
				CLANG_WARN_BOOL_CONVERSION = YES;
				CLANG_WARN_COMMA = YES;
				CLANG_WARN_CONSTANT_CONVERSION = YES;
				CLANG_WARN_DEPRECATED_OBJC_IMPLEMENTATIONS = YES;
				CLANG_WARN_DIRECT_OBJC_ISA_USAGE = YES_ERROR;
				CLANG_WARN_DOCUMENTATION_COMMENTS = YES;
				CLANG_WARN_EMPTY_BODY = YES;
				CLANG_WARN_ENUM_CONVERSION = YES;
				CLANG_WARN_INFINITE_RECURSION = YES;
				CLANG_WARN_INT_CONVERSION = YES;
				CLANG_WARN_NON_LITERAL_NULL_CONVERSION = YES;
				CLANG_WARN_OBJC_IMPLICIT_RETAIN_SELF = YES;
				CLANG_WARN_OBJC_LITERAL_CONVERSION = YES;
				CLANG_WARN_OBJC_ROOT_CLASS = YES_ERROR;
				CLANG_WARN_QUOTED_INCLUDE_IN_FRAMEWORK_HEADER = YES;
				CLANG_WARN_RANGE_LOOP_ANALYSIS = YES;
				CLANG_WARN_STRICT_PROTOTYPES = YES;
				CLANG_WARN_SUSPICIOUS_MOVE = YES;
				CLANG_WARN_UNGUARDED_AVAILABILITY = YES_AGGRESSIVE;
				CLANG_WARN_UNREACHABLE_CODE = YES;
				CLANG_WARN__DUPLICATE_METHOD_MATCH = YES;
				COPY_PHASE_STRIP = NO;
				DEBUG_INFORMATION_FORMAT = dwarf;
				ENABLE_STRICT_OBJC_MSGSEND = YES;
				ENABLE_TESTABILITY = YES;
				GCC_C_LANGUAGE_STANDARD = gnu11;
				GCC_DYNAMIC_NO_PIC = NO;
				GCC_NO_COMMON_BLOCKS = YES;
				GCC_OPTIMIZATION_LEVEL = 0;
				GCC_PREPROCESSOR_DEFINITIONS = (
					"DEBUG=1",
					"$(inherited)",
				);
				GCC_WARN_64_TO_32_BIT_CONVERSION = YES;
				GCC_WARN_ABOUT_RETURN_TYPE = YES_ERROR;
				GCC_WARN_UNDECLARED_SELECTOR = YES;
				GCC_WARN_UNINITIALIZED_AUTOS = YES_AGGRESSIVE;
				GCC_WARN_UNUSED_FUNCTION = YES;
				GCC_WARN_UNUSED_VARIABLE = YES;
				IPHONEOS_DEPLOYMENT_TARGET = 16.2;
				MTL_ENABLE_DEBUG_INFO = INCLUDE_SOURCE;
				MTL_FAST_MATH = YES;
				ONLY_ACTIVE_ARCH = YES;
				SDKROOT = iphoneos;
				SWIFT_ACTIVE_COMPILATION_CONDITIONS = DEBUG;
				SWIFT_OPTIMIZATION_LEVEL = "-Onone";
			};
			name = Debug;
		};
		08B400D029C8F3200068EC8C /* Release */ = {
			isa = XCBuildConfiguration;
			buildSettings = {
				ALWAYS_SEARCH_USER_PATHS = NO;
				CLANG_ANALYZER_NONNULL = YES;
				CLANG_ANALYZER_NUMBER_OBJECT_CONVERSION = YES_AGGRESSIVE;
				CLANG_CXX_LANGUAGE_STANDARD = "gnu++20";
				CLANG_ENABLE_MODULES = YES;
				CLANG_ENABLE_OBJC_ARC = YES;
				CLANG_ENABLE_OBJC_WEAK = YES;
				CLANG_WARN_BLOCK_CAPTURE_AUTORELEASING = YES;
				CLANG_WARN_BOOL_CONVERSION = YES;
				CLANG_WARN_COMMA = YES;
				CLANG_WARN_CONSTANT_CONVERSION = YES;
				CLANG_WARN_DEPRECATED_OBJC_IMPLEMENTATIONS = YES;
				CLANG_WARN_DIRECT_OBJC_ISA_USAGE = YES_ERROR;
				CLANG_WARN_DOCUMENTATION_COMMENTS = YES;
				CLANG_WARN_EMPTY_BODY = YES;
				CLANG_WARN_ENUM_CONVERSION = YES;
				CLANG_WARN_INFINITE_RECURSION = YES;
				CLANG_WARN_INT_CONVERSION = YES;
				CLANG_WARN_NON_LITERAL_NULL_CONVERSION = YES;
				CLANG_WARN_OBJC_IMPLICIT_RETAIN_SELF = YES;
				CLANG_WARN_OBJC_LITERAL_CONVERSION = YES;
				CLANG_WARN_OBJC_ROOT_CLASS = YES_ERROR;
				CLANG_WARN_QUOTED_INCLUDE_IN_FRAMEWORK_HEADER = YES;
				CLANG_WARN_RANGE_LOOP_ANALYSIS = YES;
				CLANG_WARN_STRICT_PROTOTYPES = YES;
				CLANG_WARN_SUSPICIOUS_MOVE = YES;
				CLANG_WARN_UNGUARDED_AVAILABILITY = YES_AGGRESSIVE;
				CLANG_WARN_UNREACHABLE_CODE = YES;
				CLANG_WARN__DUPLICATE_METHOD_MATCH = YES;
				COPY_PHASE_STRIP = NO;
				DEBUG_INFORMATION_FORMAT = "dwarf-with-dsym";
				ENABLE_NS_ASSERTIONS = NO;
				ENABLE_STRICT_OBJC_MSGSEND = YES;
				GCC_C_LANGUAGE_STANDARD = gnu11;
				GCC_NO_COMMON_BLOCKS = YES;
				GCC_WARN_64_TO_32_BIT_CONVERSION = YES;
				GCC_WARN_ABOUT_RETURN_TYPE = YES_ERROR;
				GCC_WARN_UNDECLARED_SELECTOR = YES;
				GCC_WARN_UNINITIALIZED_AUTOS = YES_AGGRESSIVE;
				GCC_WARN_UNUSED_FUNCTION = YES;
				GCC_WARN_UNUSED_VARIABLE = YES;
				IPHONEOS_DEPLOYMENT_TARGET = 16.2;
				MTL_ENABLE_DEBUG_INFO = NO;
				MTL_FAST_MATH = YES;
				SDKROOT = iphoneos;
				SWIFT_COMPILATION_MODE = wholemodule;
				SWIFT_OPTIMIZATION_LEVEL = "-O";
				VALIDATE_PRODUCT = YES;
			};
			name = Release;
		};
		08B400D229C8F3200068EC8C /* Debug */ = {
			isa = XCBuildConfiguration;
			baseConfigurationReference = AF9CC51384504F5C0250B348 /* Pods-EXOMIND.debug.xcconfig */;
			buildSettings = {
				ASSETCATALOG_COMPILER_APPICON_NAME = AppIcon;
				ASSETCATALOG_COMPILER_GLOBAL_ACCENT_COLOR_NAME = AccentColor;
				CODE_SIGN_STYLE = Automatic;
				CURRENT_PROJECT_VERSION = 1;
				DEVELOPMENT_ASSET_PATHS = "\"EXOMIND/Preview Content\"";
				DEVELOPMENT_TEAM = Y3D4355MT6;
				ENABLE_PREVIEWS = YES;
				GENERATE_INFOPLIST_FILE = YES;
				INFOPLIST_KEY_UIApplicationSceneManifest_Generation = YES;
				INFOPLIST_KEY_UIApplicationSupportsIndirectInputEvents = YES;
				INFOPLIST_KEY_UILaunchScreen_Generation = YES;
				INFOPLIST_KEY_UISupportedInterfaceOrientations_iPad = "UIInterfaceOrientationPortrait UIInterfaceOrientationPortraitUpsideDown UIInterfaceOrientationLandscapeLeft UIInterfaceOrientationLandscapeRight";
				INFOPLIST_KEY_UISupportedInterfaceOrientations_iPhone = "UIInterfaceOrientationPortrait UIInterfaceOrientationLandscapeLeft UIInterfaceOrientationLandscapeRight";
				LD_RUNPATH_SEARCH_PATHS = (
					"$(inherited)",
					"@executable_path/Frameworks",
				);
				MARKETING_VERSION = 1.0;
				PRODUCT_BUNDLE_IDENTIFIER = com.aissatou.EXOMIND;
				PRODUCT_NAME = "$(TARGET_NAME)";
				SWIFT_EMIT_LOC_STRINGS = YES;
				SWIFT_VERSION = 5.0;
				TARGETED_DEVICE_FAMILY = "1,2";
			};
			name = Debug;
		};
		08B400D329C8F3200068EC8C /* Release */ = {
			isa = XCBuildConfiguration;
			baseConfigurationReference = 31400D2E9F79FC2C46A979C0 /* Pods-EXOMIND.release.xcconfig */;
			buildSettings = {
				ASSETCATALOG_COMPILER_APPICON_NAME = AppIcon;
				ASSETCATALOG_COMPILER_GLOBAL_ACCENT_COLOR_NAME = AccentColor;
				CODE_SIGN_STYLE = Automatic;
				CURRENT_PROJECT_VERSION = 1;
				DEVELOPMENT_ASSET_PATHS = "\"EXOMIND/Preview Content\"";
				DEVELOPMENT_TEAM = Y3D4355MT6;
				ENABLE_PREVIEWS = YES;
				GENERATE_INFOPLIST_FILE = YES;
				INFOPLIST_KEY_UIApplicationSceneManifest_Generation = YES;
				INFOPLIST_KEY_UIApplicationSupportsIndirectInputEvents = YES;
				INFOPLIST_KEY_UILaunchScreen_Generation = YES;
				INFOPLIST_KEY_UISupportedInterfaceOrientations_iPad = "UIInterfaceOrientationPortrait UIInterfaceOrientationPortraitUpsideDown UIInterfaceOrientationLandscapeLeft UIInterfaceOrientationLandscapeRight";
				INFOPLIST_KEY_UISupportedInterfaceOrientations_iPhone = "UIInterfaceOrientationPortrait UIInterfaceOrientationLandscapeLeft UIInterfaceOrientationLandscapeRight";
				LD_RUNPATH_SEARCH_PATHS = (
					"$(inherited)",
					"@executable_path/Frameworks",
				);
				MARKETING_VERSION = 1.0;
				PRODUCT_BUNDLE_IDENTIFIER = com.aissatou.EXOMIND;
				PRODUCT_NAME = "$(TARGET_NAME)";
				SWIFT_EMIT_LOC_STRINGS = YES;
				SWIFT_VERSION = 5.0;
				TARGETED_DEVICE_FAMILY = "1,2";
			};
			name = Release;
		};
		08B400D529C8F3200068EC8C /* Debug */ = {
			isa = XCBuildConfiguration;
			baseConfigurationReference = 5BB1A4F804BF39D48912F62D /* Pods-EXOMINDTests.debug.xcconfig */;
			buildSettings = {
				ALWAYS_EMBED_SWIFT_STANDARD_LIBRARIES = YES;
				BUNDLE_LOADER = "$(TEST_HOST)";
				CODE_SIGN_STYLE = Automatic;
				CURRENT_PROJECT_VERSION = 1;
				DEVELOPMENT_TEAM = Y3D4355MT6;
				GENERATE_INFOPLIST_FILE = YES;
				IPHONEOS_DEPLOYMENT_TARGET = 16.2;
				MARKETING_VERSION = 1.0;
				PRODUCT_BUNDLE_IDENTIFIER = com.aissatou.EXOMINDTests;
				PRODUCT_NAME = "$(TARGET_NAME)";
				SWIFT_EMIT_LOC_STRINGS = NO;
				SWIFT_VERSION = 5.0;
				TARGETED_DEVICE_FAMILY = "1,2";
				TEST_HOST = "$(BUILT_PRODUCTS_DIR)/EXOMIND.app/$(BUNDLE_EXECUTABLE_FOLDER_PATH)/EXOMIND";
			};
			name = Debug;
		};
		08B400D629C8F3200068EC8C /* Release */ = {
			isa = XCBuildConfiguration;
			baseConfigurationReference = 602C845536F935C0529060E0 /* Pods-EXOMINDTests.release.xcconfig */;
			buildSettings = {
				ALWAYS_EMBED_SWIFT_STANDARD_LIBRARIES = YES;
				BUNDLE_LOADER = "$(TEST_HOST)";
				CODE_SIGN_STYLE = Automatic;
				CURRENT_PROJECT_VERSION = 1;
				DEVELOPMENT_TEAM = Y3D4355MT6;
				GENERATE_INFOPLIST_FILE = YES;
				IPHONEOS_DEPLOYMENT_TARGET = 16.2;
				MARKETING_VERSION = 1.0;
				PRODUCT_BUNDLE_IDENTIFIER = com.aissatou.EXOMINDTests;
				PRODUCT_NAME = "$(TARGET_NAME)";
				SWIFT_EMIT_LOC_STRINGS = NO;
				SWIFT_VERSION = 5.0;
				TARGETED_DEVICE_FAMILY = "1,2";
				TEST_HOST = "$(BUILT_PRODUCTS_DIR)/EXOMIND.app/$(BUNDLE_EXECUTABLE_FOLDER_PATH)/EXOMIND";
			};
			name = Release;
		};
		08B400D829C8F3200068EC8C /* Debug */ = {
			isa = XCBuildConfiguration;
			baseConfigurationReference = D57FE6150F16BB313E7E4F0B /* Pods-EXOMIND-EXOMINDUITests.debug.xcconfig */;
			buildSettings = {
				ALWAYS_EMBED_SWIFT_STANDARD_LIBRARIES = YES;
				CODE_SIGN_STYLE = Automatic;
				CURRENT_PROJECT_VERSION = 1;
				DEVELOPMENT_TEAM = Y3D4355MT6;
				GENERATE_INFOPLIST_FILE = YES;
				MARKETING_VERSION = 1.0;
				PRODUCT_BUNDLE_IDENTIFIER = com.aissatou.EXOMINDUITests;
				PRODUCT_NAME = "$(TARGET_NAME)";
				SWIFT_EMIT_LOC_STRINGS = NO;
				SWIFT_VERSION = 5.0;
				TARGETED_DEVICE_FAMILY = "1,2";
				TEST_TARGET_NAME = EXOMIND;
			};
			name = Debug;
		};
		08B400D929C8F3200068EC8C /* Release */ = {
			isa = XCBuildConfiguration;
			baseConfigurationReference = D4BFF6E1DF593946BB99AEAA /* Pods-EXOMIND-EXOMINDUITests.release.xcconfig */;
			buildSettings = {
				ALWAYS_EMBED_SWIFT_STANDARD_LIBRARIES = YES;
				CODE_SIGN_STYLE = Automatic;
				CURRENT_PROJECT_VERSION = 1;
				DEVELOPMENT_TEAM = Y3D4355MT6;
				GENERATE_INFOPLIST_FILE = YES;
				MARKETING_VERSION = 1.0;
				PRODUCT_BUNDLE_IDENTIFIER = com.aissatou.EXOMINDUITests;
				PRODUCT_NAME = "$(TARGET_NAME)";
				SWIFT_EMIT_LOC_STRINGS = NO;
				SWIFT_VERSION = 5.0;
				TARGETED_DEVICE_FAMILY = "1,2";
				TEST_TARGET_NAME = EXOMIND;
			};
			name = Release;
		};
/* End XCBuildConfiguration section */

/* Begin XCConfigurationList section */
		08B400A829C8F31F0068EC8C /* Build configuration list for PBXProject "EXOMIND" */ = {
			isa = XCConfigurationList;
			buildConfigurations = (
				08B400CF29C8F3200068EC8C /* Debug */,
				08B400D029C8F3200068EC8C /* Release */,
			);
			defaultConfigurationIsVisible = 0;
			defaultConfigurationName = Release;
		};
		08B400D129C8F3200068EC8C /* Build configuration list for PBXNativeTarget "EXOMIND" */ = {
			isa = XCConfigurationList;
			buildConfigurations = (
				08B400D229C8F3200068EC8C /* Debug */,
				08B400D329C8F3200068EC8C /* Release */,
			);
			defaultConfigurationIsVisible = 0;
			defaultConfigurationName = Release;
		};
		08B400D429C8F3200068EC8C /* Build configuration list for PBXNativeTarget "EXOMINDTests" */ = {
			isa = XCConfigurationList;
			buildConfigurations = (
				08B400D529C8F3200068EC8C /* Debug */,
				08B400D629C8F3200068EC8C /* Release */,
			);
			defaultConfigurationIsVisible = 0;
			defaultConfigurationName = Release;
		};
		08B400D729C8F3200068EC8C /* Build configuration list for PBXNativeTarget "EXOMINDUITests" */ = {
			isa = XCConfigurationList;
			buildConfigurations = (
				08B400D829C8F3200068EC8C /* Debug */,
				08B400D929C8F3200068EC8C /* Release */,
			);
			defaultConfigurationIsVisible = 0;
			defaultConfigurationName = Release;
		};
/* End XCConfigurationList section */
	};
	rootObject = 08B400A529C8F31F0068EC8C /* Project object */;
}
